
Microsoft Visual Studio Solution File, Format Version 12.00
# Visual Studio Version 17
VisualStudioVersion = 17.3.32825.248
MinimumVisualStudioVersion = 10.0.40219.1
Project("{FAE04EC0-301F-11D3-BF4B-00C04F79EFBC}") = "Dag 1 KYH", "Dag 1 KYH\Dag 1 KYH.csproj", "{8B08BFC9-9EBD-4044-9C2C-AA50AD3A3CE0}"
EndProject
Global
	GlobalSection(SolutionConfigurationPlatforms) = preSolution
		Debug|Any CPU = Debug|Any CPU
		Release|Any CPU = Release|Any CPU
	EndGlobalSection
	GlobalSection(ProjectConfigurationPlatforms) = postSolution
		{8B08BFC9-9EBD-4044-9C2C-AA50AD3A3CE0}.Debug|Any CPU.ActiveCfg = Debug|Any CPU
		{8B08BFC9-9EBD-4044-9C2C-AA50AD3A3CE0}.Debug|Any CPU.Build.0 = Debug|Any CPU
		{8B08BFC9-9EBD-4044-9C2C-AA50AD3A3CE0}.Release|Any CPU.ActiveCfg = Release|Any CPU
		{8B08BFC9-9EBD-4044-9C2C-AA50AD3A3CE0}.Release|Any CPU.Build.0 = Release|Any CPU
	EndGlobalSection
	GlobalSection(SolutionProperties) = preSolution
		HideSolutionNode = FALSE
	EndGlobalSection
	GlobalSection(ExtensibilityGlobals) = postSolution
		SolutionGuid = {E3393DC5-1D4C-4B62-BB14-5E9B060B4281}
	EndGlobalSection
EndGlobal
